{
  "name": "ship-battle-server",
  "version": "0.0.1",
  "lockfileVersion": 2,
  "requires": true,
  "packages": {
    "": {
      "name": "ship-battle-server",
      "version": "0.0.1",
      "dependencies": {
        "detect-collisions": "^2.5.6"
      },
      "devDependencies": {
        "typescript": "^4.3.4"
      }
    },
    "node_modules/detect-collisions": {
      "version": "2.5.6",
      "resolved": "https://registry.npmjs.org/detect-collisions/-/detect-collisions-2.5.6.tgz",
      "integrity": "sha512-EKjZ00A9qUOhqjn12nhIPiw6qmFNdz0gO6/VngEQAxDX7cqLOyYQEbAzMFw44CngV9pyQIpdEXu3MwS+on02ug=="
    },
    "node_modules/typescript": {
      "version": "4.3.5",
      "resolved": "https://registry.npmjs.org/typescript/-/typescript-4.3.5.tgz",
      "integrity": "sha512-DqQgihaQ9cUrskJo9kIyW/+g0Vxsk8cDtZ52a3NGh0YNTfpUSArXSohyUGnvbPazEPLu398C0UxmKSOrPumUzA==",
      "dev": true,
      "bin": {
        "tsc": "bin/tsc",
        "tsserver": "bin/tsserver"
      },
      "engines": {
        "node": ">=4.2.0"
      }
    }
  },
  "dependencies": {
    "detect-collisions": {
      "version": "2.5.6",
      "resolved": "https://registry.npmjs.org/detect-collisions/-/detect-collisions-2.5.6.tgz",
      "integrity": "sha512-EKjZ00A9qUOhqjn12nhIPiw6qmFNdz0gO6/VngEQAxDX7cqLOyYQEbAzMFw44CngV9pyQIpdEXu3MwS+on02ug=="
    },
    "typescript": {
      "version": "4.3.5",
      "resolved": "https://registry.npmjs.org/typescript/-/typescript-4.3.5.tgz",
      "integrity": "sha512-DqQgihaQ9cUrskJo9kIyW/+g0Vxsk8cDtZ52a3NGh0YNTfpUSArXSohyUGnvbPazEPLu398C0UxmKSOrPumUzA==",
      "dev": true
    }
  }
}
